dependencies:
  78/esp-ml307:
    component_hash: 6804e66cadf8d675ac3830295c026ee610e009959785342c51543063e22fba3f
    dependencies:
    - name: 78/uart-uhci
      registry_url: https://components.espressif.com
      require: private
      rules:
      - if: target not in [esp32]
      version: ^0.4.0
    - matches:
      - if: idf_version >=6.0
      name: espressif/mqtt
      registry_url: https://components.espressif.com
      require: private
      version: ^1.0.0
    - name: idf
      require: private
      version: '>=5.5.2'
    source:
      registry_url: https://components.espressif.com/
      type: service
    version: 3.7.5
  78/uart-uhci:
    component_hash: 25d27fbe19ea9feae6e852b0a7a0edeb383d7f926647a3ee9c6641ac0fe51ea6
    dependencies:
    - name: idf
      require: private
      version: '>=5.5.2'
    source:
      registry_url: https://components.espressif.com
      type: service
    version: 0.4.0
  espressif/esp_lvgl_port:
    component_hash: d3c020b45c3dfc0d1706a83b63a1c34a6eb444a6e935f9afff79f92b7b94dcef
    dependencies:
    - name: idf
      require: private
      version: '>=5.2'
    - name: lvgl/lvgl
      registry_url: https://components.espressif.com
      require: public
      version: '>=8,<10'
    source:
      registry_url: https://components.espressif.com/
      type: service
    version: 2.9.0
  idf:
    source:
      type: idf
    version: 5.5.2
  lvgl/lvgl:
    component_hash: 7d82410747bbfb319531449749e940f440f8414f041f9eaba13f0d1dd7f58cdd
    dependencies:
    - name: espressif/freetype
      registry_url: https://components.espressif.com
      require: private
      rules:
      - if: idf_version >=5.5 && $CONFIG{LV_USE_FREETYPE} == True
      version: ^2.14.3
    - name: espressif/libjpeg-turbo
      registry_url: https://components.espressif.com
      require: private
      rules:
      - if: idf_version >=5.5 && $CONFIG{LV_USE_LIBJPEG_TURBO} == True
      version: ^3.1.1
    - name: espressif/libpng
      registry_url: https://components.espressif.com
      require: private
      rules:
      - if: idf_version >=5.5 && $CONFIG{LV_USE_LIBPNG} == True
      version: ^1.6.58
    - name: espressif/lz4
      registry_url: https://components.espressif.com
      require: private
      rules:
      - if: idf_version >=5.5 && $CONFIG{LV_USE_LZ4} == True && $CONFIG{LV_USE_LZ4_INTERNAL} == False
      version: ^1.10.0
    source:
      registry_url: https://components.espressif.com/
      type: service
    version: 9.6.0~1
direct_dependencies:
- 78/esp-ml307
- espressif/esp_lvgl_port
- lvgl/lvgl
manifest_hash: 054b5d528e7c2eec649ac01fbce942e665410ce499e425a423b4758d377fee89
target: esp32s3
version: 2.0.0
