dependencies:
  78/esp-ml307:
    component_hash: 6804e66cadf8d675ac3830295c026ee610e009959785342c51543063e22fba3f
    dependencies:
    - name: 78/uart-uhci
      registry_url: https://components.espressif.com
      require: private
      rules:
      - if: target not in [esp32]
      version: ^0.4.0
    - matches:
      - if: idf_version >=6.0
      name: espressif/mqtt
      registry_url: https://components.espressif.com
      require: private
      version: ^1.0.0
    - name: idf
      require: private
      version: '>=5.5.2'
    source:
      registry_url: https://components.espressif.com/
      type: service
    version: 3.7.5
  78/uart-uhci:
    component_hash: 25d27fbe19ea9feae6e852b0a7a0edeb383d7f926647a3ee9c6641ac0fe51ea6
    dependencies:
    - name: idf
      require: private
      version: '>=5.5.2'
    source:
      registry_url: https://components.espressif.com
      type: service
    version: 0.4.0
  idf:
    source:
      type: idf
    version: 5.5.2
direct_dependencies:
- 78/esp-ml307
- idf
manifest_hash: 08042192abe5d76761be20f1530475ceb976a66068cfebe045b06efc092ae831
target: esp32s3
version: 2.0.0
